// !$*UTF8*$!
{
	archiveVersion = 1;
	classes = {
	};
	objectVersion = 46;
	objects = {

/* Begin PBXBuildFile section */
		A20703DC1B31605600ECFC76 /* AppDelegate.m in Sources */ = {isa = PBXBuildFile; fileRef = A20703DA1B31605600ECFC76 /* AppDelegate.m */; };
		A20703DD1B31605600ECFC76 /* main.m in Sources */ = {isa = PBXBuildFile; fileRef = A20703DB1B31605600ECFC76 /* main.m */; };
		A20703E31B31620700ECFC76 /* UIBarButtonItem+Extension.m in Sources */ = {isa = PBXBuildFile; fileRef = A20703E21B31620700ECFC76 /* UIBarButtonItem+Extension.m */; };
		A20703E81B31679400ECFC76 /* TestOneViewController.m in Sources */ = {isa = PBXBuildFile; fileRef = A20703E71B31679400ECFC76 /* TestOneViewController.m */; };
		A20703EB1B3167A500ECFC76 /* TestTwoViewController.m in Sources */ = {isa = PBXBuildFile; fileRef = A20703EA1B3167A500ECFC76 /* TestTwoViewController.m */; };
		A20703EE1B3167B000ECFC76 /* TestThreeViewController.m in Sources */ = {isa = PBXBuildFile; fileRef = A20703ED1B3167B000ECFC76 /* TestThreeViewController.m */; };
		A20703F11B31696800ECFC76 /* UIColor+Tools.m in Sources */ = {isa = PBXBuildFile; fileRef = A20703F01B31696800ECFC76 /* UIColor+Tools.m */; };
		A20703F51B316BC800ECFC76 /* HCMainViewController.m in Sources */ = {isa = PBXBuildFile; fileRef = A20703F41B316BC800ECFC76 /* HCMainViewController.m */; };
		A20703F81B316BEF00ECFC76 /* HCNavigationController.m in Sources */ = {isa = PBXBuildFile; fileRef = A20703F71B316BEF00ECFC76 /* HCNavigationController.m */; };
		A23C61E21B306129004F86BA /* UIKit.framework in Frameworks */ = {isa = PBXBuildFile; fileRef = A23C61E11B306129004F86BA /* UIKit.framework */; };
		A23C61F81B306A6F004F86BA /* HCDiscoverTableViewController.m in Sources */ = {isa = PBXBuildFile; fileRef = A23C61F51B306A6F004F86BA /* HCDiscoverTableViewController.m */; };
		A23C61FE1B306A7B004F86BA /* HCHomeTableViewController.m in Sources */ = {isa = PBXBuildFile; fileRef = A23C61FB1B306A7B004F86BA /* HCHomeTableViewController.m */; };
		A23C62041B306A89004F86BA /* HCMessageTableViewController.m in Sources */ = {isa = PBXBuildFile; fileRef = A23C62011B306A89004F86BA /* HCMessageTableViewController.m */; };
		A23C620A1B306A97004F86BA /* HCProfileTableViewController.m in Sources */ = {isa = PBXBuildFile; fileRef = A23C62071B306A97004F86BA /* HCProfileTableViewController.m */; };
		A24B6D681B32619700287F51 /* HCSearchBarView.m in Sources */ = {isa = PBXBuildFile; fileRef = A24B6D671B32619700287F51 /* HCSearchBarView.m */; };
		A24B6D6B1B326A6700287F51 /* HCNewTypeButtonView.m in Sources */ = {isa = PBXBuildFile; fileRef = A24B6D6A1B326A6700287F51 /* HCNewTypeButtonView.m */; };
		A24B6D6E1B3288B100287F51 /* HCDropDownMenuView.m in Sources */ = {isa = PBXBuildFile; fileRef = A24B6D6D1B3288B100287F51 /* HCDropDownMenuView.m */; };
		A24B6D711B32D10F00287F51 /* HCTabBar5ContentView.m in Sources */ = {isa = PBXBuildFile; fileRef = A24B6D701B32D10F00287F51 /* HCTabBar5ContentView.m */; };
		A24B6D741B32E79900287F51 /* HCDropDownRightMenuView.m in Sources */ = {isa = PBXBuildFile; fileRef = A24B6D731B32E79900287F51 /* HCDropDownRightMenuView.m */; };
		A24B6D781B33034E00287F51 /* HCNewFeatureViewController.m in Sources */ = {isa = PBXBuildFile; fileRef = A24B6D771B33034E00287F51 /* HCNewFeatureViewController.m */; };
		A2599B0B1B2FF8D900CD133B /* Images.xcassets in Resources */ = {isa = PBXBuildFile; fileRef = A2599B0A1B2FF8D900CD133B /* Images.xcassets */; };
		A2599B1A1B2FF8D900CD133B /* HCSinaWeiboTests.m in Sources */ = {isa = PBXBuildFile; fileRef = A2599B191B2FF8D900CD133B /* HCSinaWeiboTests.m */; };
/* End PBXBuildFile section */

/* Begin PBXContainerItemProxy section */
		A2599B141B2FF8D900CD133B /* PBXContainerItemProxy */ = {
			isa = PBXContainerItemProxy;
			containerPortal = A2599AF21B2FF8D800CD133B /* Project object */;
			proxyType = 1;
			remoteGlobalIDString = A2599AF91B2FF8D900CD133B;
			remoteInfo = HCSinaWeibo;
		};
/* End PBXContainerItemProxy section */

/* Begin PBXFileReference section */
		A20703D91B31605600ECFC76 /* AppDelegate.h */ = {isa = PBXFileReference; fileEncoding = 4; lastKnownFileType = sourcecode.c.h; path = AppDelegate.h; sourceTree = "<group>"; };
		A20703DA1B31605600ECFC76 /* AppDelegate.m */ = {isa = PBXFileReference; fileEncoding = 4; lastKnownFileType = sourcecode.c.objc; path = AppDelegate.m; sourceTree = "<group>"; };
		A20703DB1B31605600ECFC76 /* main.m */ = {isa = PBXFileReference; fileEncoding = 4; lastKnownFileType = sourcecode.c.objc; path = main.m; sourceTree = "<group>"; };
		A20703E11B31620700ECFC76 /* UIBarButtonItem+Extension.h */ = {isa = PBXFileReference; fileEncoding = 4; lastKnownFileType = sourcecode.c.h; path = "UIBarButtonItem+Extension.h"; sourceTree = "<group>"; };
		A20703E21B31620700ECFC76 /* UIBarButtonItem+Extension.m */ = {isa = PBXFileReference; fileEncoding = 4; lastKnownFileType = sourcecode.c.objc; path = "UIBarButtonItem+Extension.m"; sourceTree = "<group>"; };
		A20703E51B31634A00ECFC76 /* PrefixHeader.pch */ = {isa = PBXFileReference; fileEncoding = 4; lastKnownFileType = sourcecode.c.h; path = PrefixHeader.pch; sourceTree = "<group>"; };
		A20703E61B31679400ECFC76 /* TestOneViewController.h */ = {isa = PBXFileReference; fileEncoding = 4; lastKnownFileType = sourcecode.c.h; path = TestOneViewController.h; sourceTree = "<group>"; };
		A20703E71B31679400ECFC76 /* TestOneViewController.m */ = {isa = PBXFileReference; fileEncoding = 4; lastKnownFileType = sourcecode.c.objc; path = TestOneViewController.m; sourceTree = "<group>"; };
		A20703E91B3167A500ECFC76 /* TestTwoViewController.h */ = {isa = PBXFileReference; fileEncoding = 4; lastKnownFileType = sourcecode.c.h; path = TestTwoViewController.h; sourceTree = "<group>"; };
		A20703EA1B3167A500ECFC76 /* TestTwoViewController.m */ = {isa = PBXFileReference; fileEncoding = 4; lastKnownFileType = sourcecode.c.objc; path = TestTwoViewController.m; sourceTree = "<group>"; };
		A20703EC1B3167B000ECFC76 /* TestThreeViewController.h */ = {isa = PBXFileReference; fileEncoding = 4; lastKnownFileType = sourcecode.c.h; path = TestThreeViewController.h; sourceTree = "<group>"; };
		A20703ED1B3167B000ECFC76 /* TestThreeViewController.m */ = {isa = PBXFileReference; fileEncoding = 4; lastKnownFileType = sourcecode.c.objc; path = TestThreeViewController.m; sourceTree = "<group>"; };
		A20703EF1B31696800ECFC76 /* UIColor+Tools.h */ = {isa = PBXFileReference; fileEncoding = 4; lastKnownFileType = sourcecode.c.h; path = "UIColor+Tools.h"; sourceTree = "<group>"; };
		A20703F01B31696800ECFC76 /* UIColor+Tools.m */ = {isa = PBXFileReference; fileEncoding = 4; lastKnownFileType = sourcecode.c.objc; path = "UIColor+Tools.m"; sourceTree = "<group>"; };
		A20703F31B316BC800ECFC76 /* HCMainViewController.h */ = {isa = PBXFileReference; fileEncoding = 4; lastKnownFileType = sourcecode.c.h; path = HCMainViewController.h; sourceTree = "<group>"; };
		A20703F41B316BC800ECFC76 /* HCMainViewController.m */ = {isa = PBXFileReference; fileEncoding = 4; lastKnownFileType = sourcecode.c.objc; path = HCMainViewController.m; sourceTree = "<group>"; };
		A20703F61B316BEF00ECFC76 /* HCNavigationController.h */ = {isa = PBXFileReference; fileEncoding = 4; lastKnownFileType = sourcecode.c.h; path = HCNavigationController.h; sourceTree = "<group>"; };
		A20703F71B316BEF00ECFC76 /* HCNavigationController.m */ = {isa = PBXFileReference; fileEncoding = 4; lastKnownFileType = sourcecode.c.objc; path = HCNavigationController.m; sourceTree = "<group>"; };
		A23C61E11B306129004F86BA /* UIKit.framework */ = {isa = PBXFileReference; lastKnownFileType = wrapper.framework; name = UIKit.framework; path = System/Library/Frameworks/UIKit.framework; sourceTree = SDKROOT; };
		A23C61F41B306A6F004F86BA /* HCDiscoverTableViewController.h */ = {isa = PBXFileReference; fileEncoding = 4; lastKnownFileType = sourcecode.c.h; path = HCDiscoverTableViewController.h; sourceTree = "<group>"; };
		A23C61F51B306A6F004F86BA /* HCDiscoverTableViewController.m */ = {isa = PBXFileReference; fileEncoding = 4; lastKnownFileType = sourcecode.c.objc; path = HCDiscoverTableViewController.m; sourceTree = "<group>"; };
		A23C61FA1B306A7B004F86BA /* HCHomeTableViewController.h */ = {isa = PBXFileReference; fileEncoding = 4; lastKnownFileType = sourcecode.c.h; path = HCHomeTableViewController.h; sourceTree = "<group>"; };
		A23C61FB1B306A7B004F86BA /* HCHomeTableViewController.m */ = {isa = PBXFileReference; fileEncoding = 4; lastKnownFileType = sourcecode.c.objc; path = HCHomeTableViewController.m; sourceTree = "<group>"; };
		A23C62001B306A89004F86BA /* HCMessageTableViewController.h */ = {isa = PBXFileReference; fileEncoding = 4; lastKnownFileType = sourcecode.c.h; path = HCMessageTableViewController.h; sourceTree = "<group>"; };
		A23C62011B306A89004F86BA /* HCMessageTableViewController.m */ = {isa = PBXFileReference; fileEncoding = 4; lastKnownFileType = sourcecode.c.objc; path = HCMessageTableViewController.m; sourceTree = "<group>"; };
		A23C62061B306A97004F86BA /* HCProfileTableViewController.h */ = {isa = PBXFileReference; fileEncoding = 4; lastKnownFileType = sourcecode.c.h; path = HCProfileTableViewController.h; sourceTree = "<group>"; };
		A23C62071B306A97004F86BA /* HCProfileTableViewController.m */ = {isa = PBXFileReference; fileEncoding = 4; lastKnownFileType = sourcecode.c.objc; path = HCProfileTableViewController.m; sourceTree = "<group>"; };
		A24B6D661B32619700287F51 /* HCSearchBarView.h */ = {isa = PBXFileReference; fileEncoding = 4; lastKnownFileType = sourcecode.c.h; path = HCSearchBarView.h; sourceTree = "<group>"; };
		A24B6D671B32619700287F51 /* HCSearchBarView.m */ = {isa = PBXFileReference; fileEncoding = 4; lastKnownFileType = sourcecode.c.objc; path = HCSearchBarView.m; sourceTree = "<group>"; };
		A24B6D691B326A6700287F51 /* HCNewTypeButtonView.h */ = {isa = PBXFileReference; fileEncoding = 4; lastKnownFileType = sourcecode.c.h; path = HCNewTypeButtonView.h; sourceTree = "<group>"; };
		A24B6D6A1B326A6700287F51 /* HCNewTypeButtonView.m */ = {isa = PBXFileReference; fileEncoding = 4; lastKnownFileType = sourcecode.c.objc; path = HCNewTypeButtonView.m; sourceTree = "<group>"; };
		A24B6D6C1B3288B100287F51 /* HCDropDownMenuView.h */ = {isa = PBXFileReference; fileEncoding = 4; lastKnownFileType = sourcecode.c.h; path = HCDropDownMenuView.h; sourceTree = "<group>"; };
		A24B6D6D1B3288B100287F51 /* HCDropDownMenuView.m */ = {isa = PBXFileReference; fileEncoding = 4; lastKnownFileType = sourcecode.c.objc; path = HCDropDownMenuView.m; sourceTree = "<group>"; };
		A24B6D6F1B32D10F00287F51 /* HCTabBar5ContentView.h */ = {isa = PBXFileReference; fileEncoding = 4; lastKnownFileType = sourcecode.c.h; path = HCTabBar5ContentView.h; sourceTree = "<group>"; };
		A24B6D701B32D10F00287F51 /* HCTabBar5ContentView.m */ = {isa = PBXFileReference; fileEncoding = 4; lastKnownFileType = sourcecode.c.objc; path = HCTabBar5ContentView.m; sourceTree = "<group>"; };
		A24B6D721B32E79900287F51 /* HCDropDownRightMenuView.h */ = {isa = PBXFileReference; fileEncoding = 4; lastKnownFileType = sourcecode.c.h; path = HCDropDownRightMenuView.h; sourceTree = "<group>"; };
		A24B6D731B32E79900287F51 /* HCDropDownRightMenuView.m */ = {isa = PBXFileReference; fileEncoding = 4; lastKnownFileType = sourcecode.c.objc; path = HCDropDownRightMenuView.m; sourceTree = "<group>"; };
		A24B6D761B33034E00287F51 /* HCNewFeatureViewController.h */ = {isa = PBXFileReference; fileEncoding = 4; lastKnownFileType = sourcecode.c.h; path = HCNewFeatureViewController.h; sourceTree = "<group>"; };
		A24B6D771B33034E00287F51 /* HCNewFeatureViewController.m */ = {isa = PBXFileReference; fileEncoding = 4; lastKnownFileType = sourcecode.c.objc; path = HCNewFeatureViewController.m; sourceTree = "<group>"; };
		A2599AFA1B2FF8D900CD133B /* HCSinaWeibo.app */ = {isa = PBXFileReference; explicitFileType = wrapper.application; includeInIndex = 0; path = HCSinaWeibo.app; sourceTree = BUILT_PRODUCTS_DIR; };
		A2599AFE1B2FF8D900CD133B /* Info.plist */ = {isa = PBXFileReference; lastKnownFileType = text.plist.xml; path = Info.plist; sourceTree = "<group>"; };
		A2599B0A1B2FF8D900CD133B /* Images.xcassets */ = {isa = PBXFileReference; lastKnownFileType = folder.assetcatalog; path = Images.xcassets; sourceTree = "<group>"; };
		A2599B131B2FF8D900CD133B /* HCSinaWeiboTests.xctest */ = {isa = PBXFileReference; explicitFileType = wrapper.cfbundle; includeInIndex = 0; path = HCSinaWeiboTests.xctest; sourceTree = BUILT_PRODUCTS_DIR; };
		A2599B181B2FF8D900CD133B /* Info.plist */ = {isa = PBXFileReference; lastKnownFileType = text.plist.xml; path = Info.plist; sourceTree = "<group>"; };
		A2599B191B2FF8D900CD133B /* HCSinaWeiboTests.m */ = {isa = PBXFileReference; lastKnownFileType = sourcecode.c.objc; path = HCSinaWeiboTests.m; sourceTree = "<group>"; };
/* End PBXFileReference section */

/* Begin PBXFrameworksBuildPhase section */
		A2599AF71B2FF8D900CD133B /* Frameworks */ = {
			isa = PBXFrameworksBuildPhase;
			buildActionMask = 2147483647;
			files = (
				A23C61E21B306129004F86BA /* UIKit.framework in Frameworks */,
			);
			runOnlyForDeploymentPostprocessing = 0;
		};
		A2599B101B2FF8D900CD133B /* Frameworks */ = {
			isa = PBXFrameworksBuildPhase;
			buildActionMask = 2147483647;
			files = (
			);
			runOnlyForDeploymentPostprocessing = 0;
		};
/* End PBXFrameworksBuildPhase section */

/* Begin PBXGroup section */
		A20703D71B31605600ECFC76 /* Category */ = {
			isa = PBXGroup;
			children = (
				A20703E11B31620700ECFC76 /* UIBarButtonItem+Extension.h */,
				A20703E21B31620700ECFC76 /* UIBarButtonItem+Extension.m */,
				A20703EF1B31696800ECFC76 /* UIColor+Tools.h */,
				A20703F01B31696800ECFC76 /* UIColor+Tools.m */,
			);
			path = Category;
			sourceTree = "<group>";
		};
		A20703D81B31605600ECFC76 /* Other */ = {
			isa = PBXGroup;
			children = (
				A20703D91B31605600ECFC76 /* AppDelegate.h */,
				A20703DA1B31605600ECFC76 /* AppDelegate.m */,
				A20703DB1B31605600ECFC76 /* main.m */,
			);
			path = Other;
			sourceTree = "<group>";
		};
		A20703F21B316BC800ECFC76 /* Controller */ = {
			isa = PBXGroup;
			children = (
				A20703F31B316BC800ECFC76 /* HCMainViewController.h */,
				A20703F41B316BC800ECFC76 /* HCMainViewController.m */,
				A20703F61B316BEF00ECFC76 /* HCNavigationController.h */,
				A20703F71B316BEF00ECFC76 /* HCNavigationController.m */,
			);
			path = Controller;
			sourceTree = "<group>";
		};
		A23C61DD1B304C46004F86BA /* Tool */ = {
			isa = PBXGroup;
			children = (
			);
			path = Tool;
			sourceTree = "<group>";
		};
		A23C61E31B3068CE004F86BA /* Discover */ = {
			isa = PBXGroup;
			children = (
				A23C61F31B306A6F004F86BA /* Controller */,
				A23C61F61B306A6F004F86BA /* Model */,
				A23C61F71B306A6F004F86BA /* View */,
			);
			path = Discover;
			sourceTree = "<group>";
		};
		A23C61E41B3068CE004F86BA /* Home */ = {
			isa = PBXGroup;
			children = (
				A23C61F91B306A7B004F86BA /* Controller */,
				A23C61FC1B306A7B004F86BA /* Model */,
				A23C61FD1B306A7B004F86BA /* View */,
			);
			path = Home;
			sourceTree = "<group>";
		};
		A23C61E51B3068CE004F86BA /* Message */ = {
			isa = PBXGroup;
			children = (
				A23C61FF1B306A89004F86BA /* Controller */,
				A23C62021B306A89004F86BA /* Model */,
				A23C62031B306A89004F86BA /* View */,
			);
			path = Message;
			sourceTree = "<group>";
		};
		A23C61E61B3068CE004F86BA /* Profile */ = {
			isa = PBXGroup;
			children = (
				A23C62051B306A97004F86BA /* Controller */,
				A23C62081B306A97004F86BA /* Model */,
				A23C62091B306A97004F86BA /* View */,
			);
			path = Profile;
			sourceTree = "<group>";
		};
		A23C61F31B306A6F004F86BA /* Controller */ = {
			isa = PBXGroup;
			children = (
				A23C61F41B306A6F004F86BA /* HCDiscoverTableViewController.h */,
				A23C61F51B306A6F004F86BA /* HCDiscoverTableViewController.m */,
			);
			path = Controller;
			sourceTree = "<group>";
		};
		A23C61F61B306A6F004F86BA /* Model */ = {
			isa = PBXGroup;
			children = (
			);
			path = Model;
			sourceTree = "<group>";
		};
		A23C61F71B306A6F004F86BA /* View */ = {
			isa = PBXGroup;
			children = (
			);
			path = View;
			sourceTree = "<group>";
		};
		A23C61F91B306A7B004F86BA /* Controller */ = {
			isa = PBXGroup;
			children = (
				A23C61FA1B306A7B004F86BA /* HCHomeTableViewController.h */,
				A23C61FB1B306A7B004F86BA /* HCHomeTableViewController.m */,
			);
			path = Controller;
			sourceTree = "<group>";
		};
		A23C61FC1B306A7B004F86BA /* Model */ = {
			isa = PBXGroup;
			children = (
			);
			path = Model;
			sourceTree = "<group>";
		};
		A23C61FD1B306A7B004F86BA /* View */ = {
			isa = PBXGroup;
			children = (
			);
			path = View;
			sourceTree = "<group>";
		};
		A23C61FF1B306A89004F86BA /* Controller */ = {
			isa = PBXGroup;
			children = (
				A23C62001B306A89004F86BA /* HCMessageTableViewController.h */,
				A23C62011B306A89004F86BA /* HCMessageTableViewController.m */,
			);
			path = Controller;
			sourceTree = "<group>";
		};
		A23C62021B306A89004F86BA /* Model */ = {
			isa = PBXGroup;
			children = (
			);
			path = Model;
			sourceTree = "<group>";
		};
		A23C62031B306A89004F86BA /* View */ = {
			isa = PBXGroup;
			children = (
			);
			path = View;
			sourceTree = "<group>";
		};
		A23C62051B306A97004F86BA /* Controller */ = {
			isa = PBXGroup;
			children = (
				A23C62061B306A97004F86BA /* HCProfileTableViewController.h */,
				A23C62071B306A97004F86BA /* HCProfileTableViewController.m */,
			);
			path = Controller;
			sourceTree = "<group>";
		};
		A23C62081B306A97004F86BA /* Model */ = {
			isa = PBXGroup;
			children = (
			);
			path = Model;
			sourceTree = "<group>";
		};
		A23C62091B306A97004F86BA /* View */ = {
			isa = PBXGroup;
			children = (
			);
			path = View;
			sourceTree = "<group>";
		};
		A24B6D651B32617D00287F51 /* View */ = {
			isa = PBXGroup;
			children = (
				A24B6D661B32619700287F51 /* HCSearchBarView.h */,
				A24B6D671B32619700287F51 /* HCSearchBarView.m */,
				A24B6D691B326A6700287F51 /* HCNewTypeButtonView.h */,
				A24B6D6A1B326A6700287F51 /* HCNewTypeButtonView.m */,
				A24B6D6C1B3288B100287F51 /* HCDropDownMenuView.h */,
				A24B6D6D1B3288B100287F51 /* HCDropDownMenuView.m */,
				A24B6D6F1B32D10F00287F51 /* HCTabBar5ContentView.h */,
				A24B6D701B32D10F00287F51 /* HCTabBar5ContentView.m */,
				A24B6D721B32E79900287F51 /* HCDropDownRightMenuView.h */,
				A24B6D731B32E79900287F51 /* HCDropDownRightMenuView.m */,
			);
			path = View;
			sourceTree = "<group>";
		};
		A24B6D751B33033200287F51 /* NewFeature */ = {
			isa = PBXGroup;
			children = (
				A24B6D761B33034E00287F51 /* HCNewFeatureViewController.h */,
				A24B6D771B33034E00287F51 /* HCNewFeatureViewController.m */,
			);
			path = NewFeature;
			sourceTree = "<group>";
		};
		A2599AF11B2FF8D800CD133B = {
			isa = PBXGroup;
			children = (
				A23C61E11B306129004F86BA /* UIKit.framework */,
				A2599AFC1B2FF8D900CD133B /* HCSinaWeibo */,
				A2599B161B2FF8D900CD133B /* HCSinaWeiboTests */,
				A2599AFB1B2FF8D900CD133B /* Products */,
			);
			sourceTree = "<group>";
		};
		A2599AFB1B2FF8D900CD133B /* Products */ = {
			isa = PBXGroup;
			children = (
				A2599AFA1B2FF8D900CD133B /* HCSinaWeibo.app */,
				A2599B131B2FF8D900CD133B /* HCSinaWeiboTests.xctest */,
			);
			name = Products;
			sourceTree = "<group>";
		};
		A2599AFC1B2FF8D900CD133B /* HCSinaWeibo */ = {
			isa = PBXGroup;
			children = (
				A2599B231B304A3D00CD133B /* Classes */,
				A2599B0A1B2FF8D900CD133B /* Images.xcassets */,
				A2599AFD1B2FF8D900CD133B /* Supporting Files */,
			);
			path = HCSinaWeibo;
			sourceTree = "<group>";
		};
		A2599AFD1B2FF8D900CD133B /* Supporting Files */ = {
			isa = PBXGroup;
			children = (
				A2599AFE1B2FF8D900CD133B /* Info.plist */,
				A20703E51B31634A00ECFC76 /* PrefixHeader.pch */,
			);
			name = "Supporting Files";
			sourceTree = "<group>";
		};
		A2599B161B2FF8D900CD133B /* HCSinaWeiboTests */ = {
			isa = PBXGroup;
			children = (
				A2599B191B2FF8D900CD133B /* HCSinaWeiboTests.m */,
				A2599B171B2FF8D900CD133B /* Supporting Files */,
			);
			path = HCSinaWeiboTests;
			sourceTree = "<group>";
		};
		A2599B171B2FF8D900CD133B /* Supporting Files */ = {
			isa = PBXGroup;
			children = (
				A2599B181B2FF8D900CD133B /* Info.plist */,
			);
			name = "Supporting Files";
			sourceTree = "<group>";
		};
		A2599B231B304A3D00CD133B /* Classes */ = {
			isa = PBXGroup;
			children = (
				A24B6D751B33033200287F51 /* NewFeature */,
				A23C61E31B3068CE004F86BA /* Discover */,
				A23C61E41B3068CE004F86BA /* Home */,
				A23C61E51B3068CE004F86BA /* Message */,
				A23C61E61B3068CE004F86BA /* Profile */,
				A23C61DD1B304C46004F86BA /* Tool */,
				A2599B241B304A3D00CD133B /* Main */,
				A2599B271B304A3D00CD133B /* Other */,
			);
			path = Classes;
			sourceTree = "<group>";
		};
		A2599B241B304A3D00CD133B /* Main */ = {
			isa = PBXGroup;
			children = (
				A24B6D651B32617D00287F51 /* View */,
				A20703F21B316BC800ECFC76 /* Controller */,
				A20703D71B31605600ECFC76 /* Category */,
				A20703D81B31605600ECFC76 /* Other */,
				A2599B251B304A3D00CD133B /* Lib */,
				A20703E61B31679400ECFC76 /* TestOneViewController.h */,
				A20703E71B31679400ECFC76 /* TestOneViewController.m */,
				A20703E91B3167A500ECFC76 /* TestTwoViewController.h */,
				A20703EA1B3167A500ECFC76 /* TestTwoViewController.m */,
				A20703EC1B3167B000ECFC76 /* TestThreeViewController.h */,
				A20703ED1B3167B000ECFC76 /* TestThreeViewController.m */,
			);
			path = Main;
			sourceTree = "<group>";
		};
		A2599B251B304A3D00CD133B /* Lib */ = {
			isa = PBXGroup;
			children = (
			);
			path = Lib;
			sourceTree = "<group>";
		};
		A2599B271B304A3D00CD133B /* Other */ = {
			isa = PBXGroup;
			children = (
			);
			path = Other;
			sourceTree = "<group>";
		};
/* End PBXGroup section */

/* Begin PBXNativeTarget section */
		A2599AF91B2FF8D900CD133B /* HCSinaWeibo */ = {
			isa = PBXNativeTarget;
			buildConfigurationList = A2599B1D1B2FF8D900CD133B /* Build configuration list for PBXNativeTarget "HCSinaWeibo" */;
			buildPhases = (
				A2599AF61B2FF8D900CD133B /* Sources */,
				A2599AF71B2FF8D900CD133B /* Frameworks */,
				A2599AF81B2FF8D900CD133B /* Resources */,
			);
			buildRules = (
			);
			dependencies = (
			);
			name = HCSinaWeibo;
			productName = HCSinaWeibo;
			productReference = A2599AFA1B2FF8D900CD133B /* HCSinaWeibo.app */;
			productType = "com.apple.product-type.application";
		};
		A2599B121B2FF8D900CD133B /* HCSinaWeiboTests */ = {
			isa = PBXNativeTarget;
			buildConfigurationList = A2599B201B2FF8D900CD133B /* Build configuration list for PBXNativeTarget "HCSinaWeiboTests" */;
			buildPhases = (
				A2599B0F1B2FF8D900CD133B /* Sources */,
				A2599B101B2FF8D900CD133B /* Frameworks */,
				A2599B111B2FF8D900CD133B /* Resources */,
			);
			buildRules = (
			);
			dependencies = (
				A2599B151B2FF8D900CD133B /* PBXTargetDependency */,
			);
			name = HCSinaWeiboTests;
			productName = HCSinaWeiboTests;
			productReference = A2599B131B2FF8D900CD133B /* HCSinaWeiboTests.xctest */;
			productType = "com.apple.product-type.bundle.unit-test";
		};
/* End PBXNativeTarget section */

/* Begin PBXProject section */
		A2599AF21B2FF8D800CD133B /* Project object */ = {
			isa = PBXProject;
			attributes = {
				LastUpgradeCheck = 0630;
				ORGANIZATIONNAME = tunny;
				TargetAttributes = {
					A2599AF91B2FF8D900CD133B = {
						CreatedOnToolsVersion = 6.3.1;
					};
					A2599B121B2FF8D900CD133B = {
						CreatedOnToolsVersion = 6.3.1;
						TestTargetID = A2599AF91B2FF8D900CD133B;
					};
				};
			};
			buildConfigurationList = A2599AF51B2FF8D800CD133B /* Build configuration list for PBXProject "HCSinaWeibo" */;
			compatibilityVersion = "Xcode 3.2";
			developmentRegion = English;
			hasScannedForEncodings = 0;
			knownRegions = (
				en,
				Base,
			);
			mainGroup = A2599AF11B2FF8D800CD133B;
			productRefGroup = A2599AFB1B2FF8D900CD133B /* Products */;
			projectDirPath = "";
			projectRoot = "";
			targets = (
				A2599AF91B2FF8D900CD133B /* HCSinaWeibo */,
				A2599B121B2FF8D900CD133B /* HCSinaWeiboTests */,
			);
		};
/* End PBXProject section */

/* Begin PBXResourcesBuildPhase section */
		A2599AF81B2FF8D900CD133B /* Resources */ = {
			isa = PBXResourcesBuildPhase;
			buildActionMask = 2147483647;
			files = (
				A2599B0B1B2FF8D900CD133B /* Images.xcassets in Resources */,
			);
			runOnlyForDeploymentPostprocessing = 0;
		};
		A2599B111B2FF8D900CD133B /* Resources */ = {
			isa = PBXResourcesBuildPhase;
			buildActionMask = 2147483647;
			files = (
			);
			runOnlyForDeploymentPostprocessing = 0;
		};
/* End PBXResourcesBuildPhase section */

/* Begin PBXSourcesBuildPhase section */
		A2599AF61B2FF8D900CD133B /* Sources */ = {
			isa = PBXSourcesBuildPhase;
			buildActionMask = 2147483647;
			files = (
				A24B6D741B32E79900287F51 /* HCDropDownRightMenuView.m in Sources */,
				A24B6D681B32619700287F51 /* HCSearchBarView.m in Sources */,
				A20703F51B316BC800ECFC76 /* HCMainViewController.m in Sources */,
				A24B6D781B33034E00287F51 /* HCNewFeatureViewController.m in Sources */,
				A23C620A1B306A97004F86BA /* HCProfileTableViewController.m in Sources */,
				A23C61FE1B306A7B004F86BA /* HCHomeTableViewController.m in Sources */,
				A24B6D711B32D10F00287F51 /* HCTabBar5ContentView.m in Sources */,
				A20703E31B31620700ECFC76 /* UIBarButtonItem+Extension.m in Sources */,
				A23C62041B306A89004F86BA /* HCMessageTableViewController.m in Sources */,
				A20703E81B31679400ECFC76 /* TestOneViewController.m in Sources */,
				A23C61F81B306A6F004F86BA /* HCDiscoverTableViewController.m in Sources */,
				A24B6D6E1B3288B100287F51 /* HCDropDownMenuView.m in Sources */,
				A20703F81B316BEF00ECFC76 /* HCNavigationController.m in Sources */,
				A20703EB1B3167A500ECFC76 /* TestTwoViewController.m in Sources */,
				A20703DD1B31605600ECFC76 /* main.m in Sources */,
				A20703DC1B31605600ECFC76 /* AppDelegate.m in Sources */,
				A20703EE1B3167B000ECFC76 /* TestThreeViewController.m in Sources */,
				A20703F11B31696800ECFC76 /* UIColor+Tools.m in Sources */,
				A24B6D6B1B326A6700287F51 /* HCNewTypeButtonView.m in Sources */,
			);
			runOnlyForDeploymentPostprocessing = 0;
		};
		A2599B0F1B2FF8D900CD133B /* Sources */ = {
			isa = PBXSourcesBuildPhase;
			buildActionMask = 2147483647;
			files = (
				A2599B1A1B2FF8D900CD133B /* HCSinaWeiboTests.m in Sources */,
			);
			runOnlyForDeploymentPostprocessing = 0;
		};
/* End PBXSourcesBuildPhase section */

/* Begin PBXTargetDependency section */
		A2599B151B2FF8D900CD133B /* PBXTargetDependency */ = {
			isa = PBXTargetDependency;
			target = A2599AF91B2FF8D900CD133B /* HCSinaWeibo */;
			targetProxy = A2599B141B2FF8D900CD133B /* PBXContainerItemProxy */;
		};
/* End PBXTargetDependency section */

/* Begin XCBuildConfiguration section */
		A2599B1B1B2FF8D900CD133B /* Debug */ = {
			isa = XCBuildConfiguration;
			buildSettings = {
				ALWAYS_SEARCH_USER_PATHS = NO;
				CLANG_CXX_LANGUAGE_STANDARD = "gnu++0x";
				CLANG_CXX_LIBRARY = "libc++";
				CLANG_ENABLE_MODULES = YES;
				CLANG_ENABLE_OBJC_ARC = YES;
				CLANG_WARN_BOOL_CONVERSION = YES;
				CLANG_WARN_CONSTANT_CONVERSION = YES;
				CLANG_WARN_DIRECT_OBJC_ISA_USAGE = YES_ERROR;
				CLANG_WARN_EMPTY_BODY = YES;
				CLANG_WARN_ENUM_CONVERSION = YES;
				CLANG_WARN_INT_CONVERSION = YES;
				CLANG_WARN_OBJC_ROOT_CLASS = YES_ERROR;
				CLANG_WARN_UNREACHABLE_CODE = YES;
				CLANG_WARN__DUPLICATE_METHOD_MATCH = YES;
				"CODE_SIGN_IDENTITY[sdk=iphoneos*]" = "iPhone Developer";
				COPY_PHASE_STRIP = NO;
				DEBUG_INFORMATION_FORMAT = "dwarf-with-dsym";
				ENABLE_STRICT_OBJC_MSGSEND = YES;
				GCC_C_LANGUAGE_STANDARD = gnu99;
				GCC_DYNAMIC_NO_PIC = NO;
				GCC_NO_COMMON_BLOCKS = YES;
				GCC_OPTIMIZATION_LEVEL = 0;
				GCC_PREPROCESSOR_DEFINITIONS = (
					"DEBUG=1",
					"$(inherited)",
				);
				GCC_SYMBOLS_PRIVATE_EXTERN = NO;
				GCC_WARN_64_TO_32_BIT_CONVERSION = YES;
				GCC_WARN_ABOUT_RETURN_TYPE = YES_ERROR;
				GCC_WARN_UNDECLARED_SELECTOR = YES;
				GCC_WARN_UNINITIALIZED_AUTOS = YES_AGGRESSIVE;
				GCC_WARN_UNUSED_FUNCTION = YES;
				GCC_WARN_UNUSED_VARIABLE = YES;
				IPHONEOS_DEPLOYMENT_TARGET = 8.3;
				MTL_ENABLE_DEBUG_INFO = YES;
				ONLY_ACTIVE_ARCH = YES;
				SDKROOT = iphoneos;
			};
			name = Debug;
		};
		A2599B1C1B2FF8D900CD133B /* Release */ = {
			isa = XCBuildConfiguration;
			buildSettings = {
				ALWAYS_SEARCH_USER_PATHS = NO;
				CLANG_CXX_LANGUAGE_STANDARD = "gnu++0x";
				CLANG_CXX_LIBRARY = "libc++";
				CLANG_ENABLE_MODULES = YES;
				CLANG_ENABLE_OBJC_ARC = YES;
				CLANG_WARN_BOOL_CONVERSION = YES;
				CLANG_WARN_CONSTANT_CONVERSION = YES;
				CLANG_WARN_DIRECT_OBJC_ISA_USAGE = YES_ERROR;
				CLANG_WARN_EMPTY_BODY = YES;
				CLANG_WARN_ENUM_CONVERSION = YES;
				CLANG_WARN_INT_CONVERSION = YES;
				CLANG_WARN_OBJC_ROOT_CLASS = YES_ERROR;
				CLANG_WARN_UNREACHABLE_CODE = YES;
				CLANG_WARN__DUPLICATE_METHOD_MATCH = YES;
				"CODE_SIGN_IDENTITY[sdk=iphoneos*]" = "iPhone Developer";
				COPY_PHASE_STRIP = NO;
				DEBUG_INFORMATION_FORMAT = "dwarf-with-dsym";
				ENABLE_NS_ASSERTIONS = NO;
				ENABLE_STRICT_OBJC_MSGSEND = YES;
				GCC_C_LANGUAGE_STANDARD = gnu99;
				GCC_NO_COMMON_BLOCKS = YES;
				GCC_WARN_64_TO_32_BIT_CONVERSION = YES;
				GCC_WARN_ABOUT_RETURN_TYPE = YES_ERROR;
				GCC_WARN_UNDECLARED_SELECTOR = YES;
				GCC_WARN_UNINITIALIZED_AUTOS = YES_AGGRESSIVE;
				GCC_WARN_UNUSED_FUNCTION = YES;
				GCC_WARN_UNUSED_VARIABLE = YES;
				IPHONEOS_DEPLOYMENT_TARGET = 8.3;
				MTL_ENABLE_DEBUG_INFO = NO;
				SDKROOT = iphoneos;
				VALIDATE_PRODUCT = YES;
			};
			name = Release;
		};
		A2599B1E1B2FF8D900CD133B /* Debug */ = {
			isa = XCBuildConfiguration;
			buildSettings = {
				ASSETCATALOG_COMPILER_APPICON_NAME = AppIcon;
				ASSETCATALOG_COMPILER_LAUNCHIMAGE_NAME = LaunchImage;
				GCC_PREFIX_HEADER = "$(SRCROOT)/HCSinaWeibo/PrefixHeader.pch";
				INFOPLIST_FILE = HCSinaWeibo/Info.plist;
				LD_RUNPATH_SEARCH_PATHS = "$(inherited) @executable_path/Frameworks";
				PRODUCT_NAME = "$(TARGET_NAME)";
			};
			name = Debug;
		};
		A2599B1F1B2FF8D900CD133B /* Release */ = {
			isa = XCBuildConfiguration;
			buildSettings = {
				ASSETCATALOG_COMPILER_APPICON_NAME = AppIcon;
				ASSETCATALOG_COMPILER_LAUNCHIMAGE_NAME = LaunchImage;
				GCC_PREFIX_HEADER = "$(SRCROOT)/HCSinaWeibo/PrefixHeader.pch";
				INFOPLIST_FILE = HCSinaWeibo/Info.plist;
				LD_RUNPATH_SEARCH_PATHS = "$(inherited) @executable_path/Frameworks";
				PRODUCT_NAME = "$(TARGET_NAME)";
			};
			name = Release;
		};
		A2599B211B2FF8D900CD133B /* Debug */ = {
			isa = XCBuildConfiguration;
			buildSettings = {
				BUNDLE_LOADER = "$(TEST_HOST)";
				FRAMEWORK_SEARCH_PATHS = (
					"$(SDKROOT)/Developer/Library/Frameworks",
					"$(inherited)",
				);
				GCC_PREPROCESSOR_DEFINITIONS = (
					"DEBUG=1",
					"$(inherited)",
				);
				INFOPLIST_FILE = HCSinaWeiboTests/Info.plist;
				LD_RUNPATH_SEARCH_PATHS = "$(inherited) @executable_path/Frameworks @loader_path/Frameworks";
				PRODUCT_NAME = "$(TARGET_NAME)";
				TEST_HOST = "$(BUILT_PRODUCTS_DIR)/HCSinaWeibo.app/HCSinaWeibo";
			};
			name = Debug;
		};
		A2599B221B2FF8D900CD133B /* Release */ = {
			isa = XCBuildConfiguration;
			buildSettings = {
				BUNDLE_LOADER = "$(TEST_HOST)";
				FRAMEWORK_SEARCH_PATHS = (
					"$(SDKROOT)/Developer/Library/Frameworks",
					"$(inherited)",
				);
				INFOPLIST_FILE = HCSinaWeiboTests/Info.plist;
				LD_RUNPATH_SEARCH_PATHS = "$(inherited) @executable_path/Frameworks @loader_path/Frameworks";
				PRODUCT_NAME = "$(TARGET_NAME)";
				TEST_HOST = "$(BUILT_PRODUCTS_DIR)/HCSinaWeibo.app/HCSinaWeibo";
			};
			name = Release;
		};
/* End XCBuildConfiguration section */

/* Begin XCConfigurationList section */
		A2599AF51B2FF8D800CD133B /* Build configuration list for PBXProject "HCSinaWeibo" */ = {
			isa = XCConfigurationList;
			buildConfigurations = (
				A2599B1B1B2FF8D900CD133B /* Debug */,
				A2599B1C1B2FF8D900CD133B /* Release */,
			);
			defaultConfigurationIsVisible = 0;
			defaultConfigurationName = Release;
		};
		A2599B1D1B2FF8D900CD133B /* Build configuration list for PBXNativeTarget "HCSinaWeibo" */ = {
			isa = XCConfigurationList;
			buildConfigurations = (
				A2599B1E1B2FF8D900CD133B /* Debug */,
				A2599B1F1B2FF8D900CD133B /* Release */,
			);
			defaultConfigurationIsVisible = 0;
			defaultConfigurationName = Release;
		};
		A2599B201B2FF8D900CD133B /* Build configuration list for PBXNativeTarget "HCSinaWeiboTests" */ = {
			isa = XCConfigurationList;
			buildConfigurations = (
				A2599B211B2FF8D900CD133B /* Debug */,
				A2599B221B2FF8D900CD133B /* Release */,
			);
			defaultConfigurationIsVisible = 0;
			defaultConfigurationName = Release;
		};
/* End XCConfigurationList section */
	};
	rootObject = A2599AF21B2FF8D800CD133B /* Project object */;
}
