// !$*UTF8*$!
{
	archiveVersion = 1;
	classes = {
	};
	objectVersion = 46;
	objects = {

/* Begin PBXBuildFile section */
		A2599B001B2FF8D900CD133B /* main.m in Sources */ = {isa = PBXBuildFile; fileRef = A2599AFF1B2FF8D900CD133B /* main.m */; };
		A2599B031B2FF8D900CD133B /* AppDelegate.m in Sources */ = {isa = PBXBuildFile; fileRef = A2599B021B2FF8D900CD133B /* AppDelegate.m */; };
		A2599B0B1B2FF8D900CD133B /* Images.xcassets in Resources */ = {isa = PBXBuildFile; fileRef = A2599B0A1B2FF8D900CD133B /* Images.xcassets */; };
		A2599B0E1B2FF8D900CD133B /* LaunchScreen.xib in Resources */ = {isa = PBXBuildFile; fileRef = A2599B0C1B2FF8D900CD133B /* LaunchScreen.xib */; };
		A2599B1A1B2FF8D900CD133B /* HCSinaWeiboTests.m in Sources */ = {isa = PBXBuildFile; fileRef = A2599B191B2FF8D900CD133B /* HCSinaWeiboTests.m */; };
/* End PBXBuildFile section */

/* Begin PBXContainerItemProxy section */
		A2599B141B2FF8D900CD133B /* PBXContainerItemProxy */ = {
			isa = PBXContainerItemProxy;
			containerPortal = A2599AF21B2FF8D800CD133B /* Project object */;
			proxyType = 1;
			remoteGlobalIDString = A2599AF91B2FF8D900CD133B;
			remoteInfo = HCSinaWeibo;
		};
/* End PBXContainerItemProxy section */

/* Begin PBXFileReference section */
		A2599AFA1B2FF8D900CD133B /* HCSinaWeibo.app */ = {isa = PBXFileReference; explicitFileType = wrapper.application; includeInIndex = 0; path = HCSinaWeibo.app; sourceTree = BUILT_PRODUCTS_DIR; };
		A2599AFE1B2FF8D900CD133B /* Info.plist */ = {isa = PBXFileReference; lastKnownFileType = text.plist.xml; path = Info.plist; sourceTree = "<group>"; };
		A2599AFF1B2FF8D900CD133B /* main.m */ = {isa = PBXFileReference; lastKnownFileType = sourcecode.c.objc; path = main.m; sourceTree = "<group>"; };
		A2599B011B2FF8D900CD133B /* AppDelegate.h */ = {isa = PBXFileReference; lastKnownFileType = sourcecode.c.h; path = AppDelegate.h; sourceTree = "<group>"; };
		A2599B021B2FF8D900CD133B /* AppDelegate.m */ = {isa = PBXFileReference; lastKnownFileType = sourcecode.c.objc; path = AppDelegate.m; sourceTree = "<group>"; };
		A2599B0A1B2FF8D900CD133B /* Images.xcassets */ = {isa = PBXFileReference; lastKnownFileType = folder.assetcatalog; path = Images.xcassets; sourceTree = "<group>"; };
		A2599B0D1B2FF8D900CD133B /* Base */ = {isa = PBXFileReference; lastKnownFileType = file.xib; name = Base; path = Base.lproj/LaunchScreen.xib; sourceTree = "<group>"; };
		A2599B131B2FF8D900CD133B /* HCSinaWeiboTests.xctest */ = {isa = PBXFileReference; explicitFileType = wrapper.cfbundle; includeInIndex = 0; path = HCSinaWeiboTests.xctest; sourceTree = BUILT_PRODUCTS_DIR; };
		A2599B181B2FF8D900CD133B /* Info.plist */ = {isa = PBXFileReference; lastKnownFileType = text.plist.xml; path = Info.plist; sourceTree = "<group>"; };
		A2599B191B2FF8D900CD133B /* HCSinaWeiboTests.m */ = {isa = PBXFileReference; lastKnownFileType = sourcecode.c.objc; path = HCSinaWeiboTests.m; sourceTree = "<group>"; };
/* End PBXFileReference section */

/* Begin PBXFrameworksBuildPhase section */
		A2599AF71B2FF8D900CD133B /* Frameworks */ = {
			isa = PBXFrameworksBuildPhase;
			buildActionMask = 2147483647;
			files = (
			);
			runOnlyForDeploymentPostprocessing = 0;
		};
		A2599B101B2FF8D900CD133B /* Frameworks */ = {
			isa = PBXFrameworksBuildPhase;
			buildActionMask = 2147483647;
			files = (
			);
			runOnlyForDeploymentPostprocessing = 0;
		};
/* End PBXFrameworksBuildPhase section */

/* Begin PBXGroup section */
		A2599AF11B2FF8D800CD133B = {
			isa = PBXGroup;
			children = (
				A2599AFC1B2FF8D900CD133B /* HCSinaWeibo */,
				A2599B161B2FF8D900CD133B /* HCSinaWeiboTests */,
				A2599AFB1B2FF8D900CD133B /* Products */,
			);
			sourceTree = "<group>";
		};
		A2599AFB1B2FF8D900CD133B /* Products */ = {
			isa = PBXGroup;
			children = (
				A2599AFA1B2FF8D900CD133B /* HCSinaWeibo.app */,
				A2599B131B2FF8D900CD133B /* HCSinaWeiboTests.xctest */,
			);
			name = Products;
			sourceTree = "<group>";
		};
		A2599AFC1B2FF8D900CD133B /* HCSinaWeibo */ = {
			isa = PBXGroup;
			children = (
				A2599B011B2FF8D900CD133B /* AppDelegate.h */,
				A2599B021B2FF8D900CD133B /* AppDelegate.m */,
				A2599B0A1B2FF8D900CD133B /* Images.xcassets */,
				A2599B0C1B2FF8D900CD133B /* LaunchScreen.xib */,
				A2599AFD1B2FF8D900CD133B /* Supporting Files */,
			);
			path = HCSinaWeibo;
			sourceTree = "<group>";
		};
		A2599AFD1B2FF8D900CD133B /* Supporting Files */ = {
			isa = PBXGroup;
			children = (
				A2599AFE1B2FF8D900CD133B /* Info.plist */,
				A2599AFF1B2FF8D900CD133B /* main.m */,
			);
			name = "Supporting Files";
			sourceTree = "<group>";
		};
		A2599B161B2FF8D900CD133B /* HCSinaWeiboTests */ = {
			isa = PBXGroup;
			children = (
				A2599B191B2FF8D900CD133B /* HCSinaWeiboTests.m */,
				A2599B171B2FF8D900CD133B /* Supporting Files */,
			);
			path = HCSinaWeiboTests;
			sourceTree = "<group>";
		};
		A2599B171B2FF8D900CD133B /* Supporting Files */ = {
			isa = PBXGroup;
			children = (
				A2599B181B2FF8D900CD133B /* Info.plist */,
			);
			name = "Supporting Files";
			sourceTree = "<group>";
		};
/* End PBXGroup section */

/* Begin PBXNativeTarget section */
		A2599AF91B2FF8D900CD133B /* HCSinaWeibo */ = {
			isa = PBXNativeTarget;
			buildConfigurationList = A2599B1D1B2FF8D900CD133B /* Build configuration list for PBXNativeTarget "HCSinaWeibo" */;
			buildPhases = (
				A2599AF61B2FF8D900CD133B /* Sources */,
				A2599AF71B2FF8D900CD133B /* Frameworks */,
				A2599AF81B2FF8D900CD133B /* Resources */,
			);
			buildRules = (
			);
			dependencies = (
			);
			name = HCSinaWeibo;
			productName = HCSinaWeibo;
			productReference = A2599AFA1B2FF8D900CD133B /* HCSinaWeibo.app */;
			productType = "com.apple.product-type.application";
		};
		A2599B121B2FF8D900CD133B /* HCSinaWeiboTests */ = {
			isa = PBXNativeTarget;
			buildConfigurationList = A2599B201B2FF8D900CD133B /* Build configuration list for PBXNativeTarget "HCSinaWeiboTests" */;
			buildPhases = (
				A2599B0F1B2FF8D900CD133B /* Sources */,
				A2599B101B2FF8D900CD133B /* Frameworks */,
				A2599B111B2FF8D900CD133B /* Resources */,
			);
			buildRules = (
			);
			dependencies = (
				A2599B151B2FF8D900CD133B /* PBXTargetDependency */,
			);
			name = HCSinaWeiboTests;
			productName = HCSinaWeiboTests;
			productReference = A2599B131B2FF8D900CD133B /* HCSinaWeiboTests.xctest */;
			productType = "com.apple.product-type.bundle.unit-test";
		};
/* End PBXNativeTarget section */

/* Begin PBXProject section */
		A2599AF21B2FF8D800CD133B /* Project object */ = {
			isa = PBXProject;
			attributes = {
				LastUpgradeCheck = 0630;
				ORGANIZATIONNAME = tunny;
				TargetAttributes = {
					A2599AF91B2FF8D900CD133B = {
						CreatedOnToolsVersion = 6.3.1;
					};
					A2599B121B2FF8D900CD133B = {
						CreatedOnToolsVersion = 6.3.1;
						TestTargetID = A2599AF91B2FF8D900CD133B;
					};
				};
			};
			buildConfigurationList = A2599AF51B2FF8D800CD133B /* Build configuration list for PBXProject "HCSinaWeibo" */;
			compatibilityVersion = "Xcode 3.2";
			developmentRegion = English;
			hasScannedForEncodings = 0;
			knownRegions = (
				en,
				Base,
			);
			mainGroup = A2599AF11B2FF8D800CD133B;
			productRefGroup = A2599AFB1B2FF8D900CD133B /* Products */;
			projectDirPath = "";
			projectRoot = "";
			targets = (
				A2599AF91B2FF8D900CD133B /* HCSinaWeibo */,
				A2599B121B2FF8D900CD133B /* HCSinaWeiboTests */,
			);
		};
/* End PBXProject section */

/* Begin PBXResourcesBuildPhase section */
		A2599AF81B2FF8D900CD133B /* Resources */ = {
			isa = PBXResourcesBuildPhase;
			buildActionMask = 2147483647;
			files = (
				A2599B0E1B2FF8D900CD133B /* LaunchScreen.xib in Resources */,
				A2599B0B1B2FF8D900CD133B /* Images.xcassets in Resources */,
			);
			runOnlyForDeploymentPostprocessing = 0;
		};
		A2599B111B2FF8D900CD133B /* Resources */ = {
			isa = PBXResourcesBuildPhase;
			buildActionMask = 2147483647;
			files = (
			);
			runOnlyForDeploymentPostprocessing = 0;
		};
/* End PBXResourcesBuildPhase section */

/* Begin PBXSourcesBuildPhase section */
		A2599AF61B2FF8D900CD133B /* Sources */ = {
			isa = PBXSourcesBuildPhase;
			buildActionMask = 2147483647;
			files = (
				A2599B031B2FF8D900CD133B /* AppDelegate.m in Sources */,
				A2599B001B2FF8D900CD133B /* main.m in Sources */,
			);
			runOnlyForDeploymentPostprocessing = 0;
		};
		A2599B0F1B2FF8D900CD133B /* Sources */ = {
			isa = PBXSourcesBuildPhase;
			buildActionMask = 2147483647;
			files = (
				A2599B1A1B2FF8D900CD133B /* HCSinaWeiboTests.m in Sources */,
			);
			runOnlyForDeploymentPostprocessing = 0;
		};
/* End PBXSourcesBuildPhase section */

/* Begin PBXTargetDependency section */
		A2599B151B2FF8D900CD133B /* PBXTargetDependency */ = {
			isa = PBXTargetDependency;
			target = A2599AF91B2FF8D900CD133B /* HCSinaWeibo */;
			targetProxy = A2599B141B2FF8D900CD133B /* PBXContainerItemProxy */;
		};
/* End PBXTargetDependency section */

/* Begin PBXVariantGroup section */
		A2599B0C1B2FF8D900CD133B /* LaunchScreen.xib */ = {
			isa = PBXVariantGroup;
			children = (
				A2599B0D1B2FF8D900CD133B /* Base */,
			);
			name = LaunchScreen.xib;
			sourceTree = "<group>";
		};
/* End PBXVariantGroup section */

/* Begin XCBuildConfiguration section */
		A2599B1B1B2FF8D900CD133B /* Debug */ = {
			isa = XCBuildConfiguration;
			buildSettings = {
				ALWAYS_SEARCH_USER_PATHS = NO;
				CLANG_CXX_LANGUAGE_STANDARD = "gnu++0x";
				CLANG_CXX_LIBRARY = "libc++";
				CLANG_ENABLE_MODULES = YES;
				CLANG_ENABLE_OBJC_ARC = YES;
				CLANG_WARN_BOOL_CONVERSION = YES;
				CLANG_WARN_CONSTANT_CONVERSION = YES;
				CLANG_WARN_DIRECT_OBJC_ISA_USAGE = YES_ERROR;
				CLANG_WARN_EMPTY_BODY = YES;
				CLANG_WARN_ENUM_CONVERSION = YES;
				CLANG_WARN_INT_CONVERSION = YES;
				CLANG_WARN_OBJC_ROOT_CLASS = YES_ERROR;
				CLANG_WARN_UNREACHABLE_CODE = YES;
				CLANG_WARN__DUPLICATE_METHOD_MATCH = YES;
				"CODE_SIGN_IDENTITY[sdk=iphoneos*]" = "iPhone Developer";
				COPY_PHASE_STRIP = NO;
				DEBUG_INFORMATION_FORMAT = "dwarf-with-dsym";
				ENABLE_STRICT_OBJC_MSGSEND = YES;
				GCC_C_LANGUAGE_STANDARD = gnu99;
				GCC_DYNAMIC_NO_PIC = NO;
				GCC_NO_COMMON_BLOCKS = YES;
				GCC_OPTIMIZATION_LEVEL = 0;
				GCC_PREPROCESSOR_DEFINITIONS = (
					"DEBUG=1",
					"$(inherited)",
				);
				GCC_SYMBOLS_PRIVATE_EXTERN = NO;
				GCC_WARN_64_TO_32_BIT_CONVERSION = YES;
				GCC_WARN_ABOUT_RETURN_TYPE = YES_ERROR;
				GCC_WARN_UNDECLARED_SELECTOR = YES;
				GCC_WARN_UNINITIALIZED_AUTOS = YES_AGGRESSIVE;
				GCC_WARN_UNUSED_FUNCTION = YES;
				GCC_WARN_UNUSED_VARIABLE = YES;
				IPHONEOS_DEPLOYMENT_TARGET = 8.3;
				MTL_ENABLE_DEBUG_INFO = YES;
				ONLY_ACTIVE_ARCH = YES;
				SDKROOT = iphoneos;
			};
			name = Debug;
		};
		A2599B1C1B2FF8D900CD133B /* Release */ = {
			isa = XCBuildConfiguration;
			buildSettings = {
				ALWAYS_SEARCH_USER_PATHS = NO;
				CLANG_CXX_LANGUAGE_STANDARD = "gnu++0x";
				CLANG_CXX_LIBRARY = "libc++";
				CLANG_ENABLE_MODULES = YES;
				CLANG_ENABLE_OBJC_ARC = YES;
				CLANG_WARN_BOOL_CONVERSION = YES;
				CLANG_WARN_CONSTANT_CONVERSION = YES;
				CLANG_WARN_DIRECT_OBJC_ISA_USAGE = YES_ERROR;
				CLANG_WARN_EMPTY_BODY = YES;
				CLANG_WARN_ENUM_CONVERSION = YES;
				CLANG_WARN_INT_CONVERSION = YES;
				CLANG_WARN_OBJC_ROOT_CLASS = YES_ERROR;
				CLANG_WARN_UNREACHABLE_CODE = YES;
				CLANG_WARN__DUPLICATE_METHOD_MATCH = YES;
				"CODE_SIGN_IDENTITY[sdk=iphoneos*]" = "iPhone Developer";
				COPY_PHASE_STRIP = NO;
				DEBUG_INFORMATION_FORMAT = "dwarf-with-dsym";
				ENABLE_NS_ASSERTIONS = NO;
				ENABLE_STRICT_OBJC_MSGSEND = YES;
				GCC_C_LANGUAGE_STANDARD = gnu99;
				GCC_NO_COMMON_BLOCKS = YES;
				GCC_WARN_64_TO_32_BIT_CONVERSION = YES;
				GCC_WARN_ABOUT_RETURN_TYPE = YES_ERROR;
				GCC_WARN_UNDECLARED_SELECTOR = YES;
				GCC_WARN_UNINITIALIZED_AUTOS = YES_AGGRESSIVE;
				GCC_WARN_UNUSED_FUNCTION = YES;
				GCC_WARN_UNUSED_VARIABLE = YES;
				IPHONEOS_DEPLOYMENT_TARGET = 8.3;
				MTL_ENABLE_DEBUG_INFO = NO;
				SDKROOT = iphoneos;
				VALIDATE_PRODUCT = YES;
			};
			name = Release;
		};
		A2599B1E1B2FF8D900CD133B /* Debug */ = {
			isa = XCBuildConfiguration;
			buildSettings = {
				ASSETCATALOG_COMPILER_APPICON_NAME = AppIcon;
				INFOPLIST_FILE = HCSinaWeibo/Info.plist;
				LD_RUNPATH_SEARCH_PATHS = "$(inherited) @executable_path/Frameworks";
				PRODUCT_NAME = "$(TARGET_NAME)";
			};
			name = Debug;
		};
		A2599B1F1B2FF8D900CD133B /* Release */ = {
			isa = XCBuildConfiguration;
			buildSettings = {
				ASSETCATALOG_COMPILER_APPICON_NAME = AppIcon;
				INFOPLIST_FILE = HCSinaWeibo/Info.plist;
				LD_RUNPATH_SEARCH_PATHS = "$(inherited) @executable_path/Frameworks";
				PRODUCT_NAME = "$(TARGET_NAME)";
			};
			name = Release;
		};
		A2599B211B2FF8D900CD133B /* Debug */ = {
			isa = XCBuildConfiguration;
			buildSettings = {
				BUNDLE_LOADER = "$(TEST_HOST)";
				FRAMEWORK_SEARCH_PATHS = (
					"$(SDKROOT)/Developer/Library/Frameworks",
					"$(inherited)",
				);
				GCC_PREPROCESSOR_DEFINITIONS = (
					"DEBUG=1",
					"$(inherited)",
				);
				INFOPLIST_FILE = HCSinaWeiboTests/Info.plist;
				LD_RUNPATH_SEARCH_PATHS = "$(inherited) @executable_path/Frameworks @loader_path/Frameworks";
				PRODUCT_NAME = "$(TARGET_NAME)";
				TEST_HOST = "$(BUILT_PRODUCTS_DIR)/HCSinaWeibo.app/HCSinaWeibo";
			};
			name = Debug;
		};
		A2599B221B2FF8D900CD133B /* Release */ = {
			isa = XCBuildConfiguration;
			buildSettings = {
				BUNDLE_LOADER = "$(TEST_HOST)";
				FRAMEWORK_SEARCH_PATHS = (
					"$(SDKROOT)/Developer/Library/Frameworks",
					"$(inherited)",
				);
				INFOPLIST_FILE = HCSinaWeiboTests/Info.plist;
				LD_RUNPATH_SEARCH_PATHS = "$(inherited) @executable_path/Frameworks @loader_path/Frameworks";
				PRODUCT_NAME = "$(TARGET_NAME)";
				TEST_HOST = "$(BUILT_PRODUCTS_DIR)/HCSinaWeibo.app/HCSinaWeibo";
			};
			name = Release;
		};
/* End XCBuildConfiguration section */

/* Begin XCConfigurationList section */
		A2599AF51B2FF8D800CD133B /* Build configuration list for PBXProject "HCSinaWeibo" */ = {
			isa = XCConfigurationList;
			buildConfigurations = (
				A2599B1B1B2FF8D900CD133B /* Debug */,
				A2599B1C1B2FF8D900CD133B /* Release */,
			);
			defaultConfigurationIsVisible = 0;
			defaultConfigurationName = Release;
		};
		A2599B1D1B2FF8D900CD133B /* Build configuration list for PBXNativeTarget "HCSinaWeibo" */ = {
			isa = XCConfigurationList;
			buildConfigurations = (
				A2599B1E1B2FF8D900CD133B /* Debug */,
				A2599B1F1B2FF8D900CD133B /* Release */,
			);
			defaultConfigurationIsVisible = 0;
			defaultConfigurationName = Release;
		};
		A2599B201B2FF8D900CD133B /* Build configuration list for PBXNativeTarget "HCSinaWeiboTests" */ = {
			isa = XCConfigurationList;
			buildConfigurations = (
				A2599B211B2FF8D900CD133B /* Debug */,
				A2599B221B2FF8D900CD133B /* Release */,
			);
			defaultConfigurationIsVisible = 0;
			defaultConfigurationName = Release;
		};
/* End XCConfigurationList section */
	};
	rootObject = A2599AF21B2FF8D800CD133B /* Project object */;
}
